// !$*UTF8*$!
{
	archiveVersion = 1;
	classes = {
	};
	objectVersion = 46;
	objects = {

/* Begin PBXBuildFile section */
		B80287311CFCA548005F8501 /* GroupedTableVC.swift in Sources */ = {isa = PBXBuildFile; fileRef = B80287301CFCA548005F8501 /* GroupedTableVC.swift */; };
		B84E38361CDE036400252EFE /* AppDelegate.swift in Sources */ = {isa = PBXBuildFile; fileRef = B84E38351CDE036400252EFE /* AppDelegate.swift */; };
		B84E38381CDE036400252EFE /* ViewController.swift in Sources */ = {isa = PBXBuildFile; fileRef = B84E38371CDE036400252EFE /* ViewController.swift */; };
		B84E383B1CDE036400252EFE /* Main.storyboard in Resources */ = {isa = PBXBuildFile; fileRef = B84E38391CDE036400252EFE /* Main.storyboard */; };
		B84E383D1CDE036400252EFE /* Assets.xcassets in Resources */ = {isa = PBXBuildFile; fileRef = B84E383C1CDE036400252EFE /* Assets.xcassets */; };
		B84E38401CDE036400252EFE /* LaunchScreen.storyboard in Resources */ = {isa = PBXBuildFile; fileRef = B84E383E1CDE036400252EFE /* LaunchScreen.storyboard */; };
		B8F5FD3E1CF9BE120084D227 /* tableViewVC.swift in Sources */ = {isa = PBXBuildFile; fileRef = B8F5FD3D1CF9BE120084D227 /* tableViewVC.swift */; };
/* End PBXBuildFile section */

/* Begin PBXFileReference section */
		B80287301CFCA548005F8501 /* GroupedTableVC.swift */ = {isa = PBXFileReference; fileEncoding = 4; lastKnownFileType = sourcecode.swift; path = GroupedTableVC.swift; sourceTree = "<group>"; };
		B84E38321CDE036400252EFE /* tableView.app */ = {isa = PBXFileReference; explicitFileType = wrapper.application; includeInIndex = 0; path = tableView.app; sourceTree = BUILT_PRODUCTS_DIR; };
		B84E38351CDE036400252EFE /* AppDelegate.swift */ = {isa = PBXFileReference; lastKnownFileType = sourcecode.swift; path = AppDelegate.swift; sourceTree = "<group>"; };
		B84E38371CDE036400252EFE /* ViewController.swift */ = {isa = PBXFileReference; lastKnownFileType = sourcecode.swift; path = ViewController.swift; sourceTree = "<group>"; };
		B84E383A1CDE036400252EFE /* Base */ = {isa = PBXFileReference; lastKnownFileType = file.storyboard; name = Base; path = Base.lproj/Main.storyboard; sourceTree = "<group>"; };
		B84E383C1CDE036400252EFE /* Assets.xcassets */ = {isa = PBXFileReference; lastKnownFileType = folder.assetcatalog; path = Assets.xcassets; sourceTree = "<group>"; };
		B84E383F1CDE036400252EFE /* Base */ = {isa = PBXFileReference; lastKnownFileType = file.storyboard; name = Base; path = Base.lproj/LaunchScreen.storyboard; sourceTree = "<group>"; };
		B84E38411CDE036400252EFE /* Info.plist */ = {isa = PBXFileReference; lastKnownFileType = text.plist.xml; path = Info.plist; sourceTree = "<group>"; };
		B8F5FD3D1CF9BE120084D227 /* tableViewVC.swift */ = {isa = PBXFileReference; fileEncoding = 4; lastKnownFileType = sourcecode.swift; path = tableViewVC.swift; sourceTree = SOURCE_ROOT; };
/* End PBXFileReference section */

/* Begin PBXFrameworksBuildPhase section */
		B84E382F1CDE036400252EFE /* Frameworks */ = {
			isa = PBXFrameworksBuildPhase;
			buildActionMask = 2147483647;
			files = (
			);
			runOnlyForDeploymentPostprocessing = 0;
		};
/* End PBXFrameworksBuildPhase section */

/* Begin PBXGroup section */
		B84E38291CDE036400252EFE = {
			isa = PBXGroup;
			children = (
				B80287301CFCA548005F8501 /* GroupedTableVC.swift */,
				B84E38341CDE036400252EFE /* tableView */,
				B84E38331CDE036400252EFE /* Products */,
			);
			sourceTree = "<group>";
		};
		B84E38331CDE036400252EFE /* Products */ = {
			isa = PBXGroup;
			children = (
				B84E38321CDE036400252EFE /* tableView.app */,
			);
			name = Products;
			sourceTree = "<group>";
		};
		B84E38341CDE036400252EFE /* tableView */ = {
			isa = PBXGroup;
			children = (
				B84E38351CDE036400252EFE /* AppDelegate.swift */,
				B84E38371CDE036400252EFE /* ViewController.swift */,
				B8F5FD3D1CF9BE120084D227 /* tableViewVC.swift */,
				B84E38391CDE036400252EFE /* Main.storyboard */,
				B84E383C1CDE036400252EFE /* Assets.xcassets */,
				B84E383E1CDE036400252EFE /* LaunchScreen.storyboard */,
				B84E38411CDE036400252EFE /* Info.plist */,
			);
			path = tableView;
			sourceTree = "<group>";
		};
/* End PBXGroup section */

/* Begin PBXNativeTarget section */
		B84E38311CDE036400252EFE /* tableView */ = {
			isa = PBXNativeTarget;
			buildConfigurationList = B84E38441CDE036400252EFE /* Build configuration list for PBXNativeTarget "tableView" */;
			buildPhases = (
				B84E382E1CDE036400252EFE /* Sources */,
				B84E382F1CDE036400252EFE /* Frameworks */,
				B84E38301CDE036400252EFE /* Resources */,
			);
			buildRules = (
			);
			dependencies = (
			);
			name = tableView;
			productName = tableView;
			productReference = B84E38321CDE036400252EFE /* tableView.app */;
			productType = "com.apple.product-type.application";
		};
/* End PBXNativeTarget section */

/* Begin PBXProject section */
		B84E382A1CDE036400252EFE /* Project object */ = {
			isa = PBXProject;
			attributes = {
				LastSwiftUpdateCheck = 0720;
				LastUpgradeCheck = 0720;
				ORGANIZATIONNAME = "gEeYaR's MacBook Pro";
				TargetAttributes = {
					B84E38311CDE036400252EFE = {
						CreatedOnToolsVersion = 7.2.1;
					};
				};
			};
			buildConfigurationList = B84E382D1CDE036400252EFE /* Build configuration list for PBXProject "tableView" */;
			compatibilityVersion = "Xcode 3.2";
			developmentRegion = English;
			hasScannedForEncodings = 0;
			knownRegions = (
				en,
				Base,
			);
			mainGroup = B84E38291CDE036400252EFE;
			productRefGroup = B84E38331CDE036400252EFE /* Products */;
			projectDirPath = "";
			projectRoot = "";
			targets = (
				B84E38311CDE036400252EFE /* tableView */,
			);
		};
/* End PBXProject section */

/* Begin PBXResourcesBuildPhase section */
		B84E38301CDE036400252EFE /* Resources */ = {
			isa = PBXResourcesBuildPhase;
			buildActionMask = 2147483647;
			files = (
				B84E38401CDE036400252EFE /* LaunchScreen.storyboard in Resources */,
				B84E383D1CDE036400252EFE /* Assets.xcassets in Resources */,
				B84E383B1CDE036400252EFE /* Main.storyboard in Resources */,
			);
			runOnlyForDeploymentPostprocessing = 0;
		};
/* End PBXResourcesBuildPhase section */

/* Begin PBXSourcesBuildPhase section */
		B84E382E1CDE036400252EFE /* Sources */ = {
			isa = PBXSourcesBuildPhase;
			buildActionMask = 2147483647;
			files = (
				B84E38381CDE036400252EFE /* ViewController.swift in Sources */,
				B8F5FD3E1CF9BE120084D227 /* tableViewVC.swift in Sources */,
				B80287311CFCA548005F8501 /* GroupedTableVC.swift in Sources */,
				B84E38361CDE036400252EFE /* AppDelegate.swift in Sources */,
			);
			runOnlyForDeploymentPostprocessing = 0;
		};
/* End PBXSourcesBuildPhase section */

/* Begin PBXVariantGroup section */
		B84E38391CDE036400252EFE /* Main.storyboard */ = {
			isa = PBXVariantGroup;
			children = (
				B84E383A1CDE036400252EFE /* Base */,
			);
			name = Main.storyboard;
			sourceTree = "<group>";
		};
		B84E383E1CDE036400252EFE /* LaunchScreen.storyboard */ = {
			isa = PBXVariantGroup;
			children = (
				B84E383F1CDE036400252EFE /* Base */,
			);
			name = LaunchScreen.storyboard;
			sourceTree = "<group>";
		};
/* End PBXVariantGroup section */

/* Begin XCBuildConfiguration section */
		B84E38421CDE036400252EFE /* Debug */ = {
			isa = XCBuildConfiguration;
			buildSettings = {
				ALWAYS_SEARCH_USER_PATHS = NO;
				CLANG_CXX_LANGUAGE_STANDARD = "gnu++0x";
				CLANG_CXX_LIBRARY = "libc++";
				CLANG_ENABLE_MODULES = YES;
				CLANG_ENABLE_OBJC_ARC = YES;
				CLANG_WARN_BOOL_CONVERSION = YES;
				CLANG_WARN_CONSTANT_CONVERSION = YES;
				CLANG_WARN_DIRECT_OBJC_ISA_USAGE = YES_ERROR;
				CLANG_WARN_EMPTY_BODY = YES;
				CLANG_WARN_ENUM_CONVERSION = YES;
				CLANG_WARN_INT_CONVERSION = YES;
				CLANG_WARN_OBJC_ROOT_CLASS = YES_ERROR;
				CLANG_WARN_UNREACHABLE_CODE = YES;
				CLANG_WARN__DUPLICATE_METHOD_MATCH = YES;
				"CODE_SIGN_IDENTITY[sdk=iphoneos*]" = "iPhone Developer";
				COPY_PHASE_STRIP = NO;
				DEBUG_INFORMATION_FORMAT = dwarf;
				ENABLE_STRICT_OBJC_MSGSEND = YES;
				ENABLE_TESTABILITY = YES;
				GCC_C_LANGUAGE_STANDARD = gnu99;
				GCC_DYNAMIC_NO_PIC = NO;
				GCC_NO_COMMON_BLOCKS = YES;
				GCC_OPTIMIZATION_LEVEL = 0;
				GCC_PREPROCESSOR_DEFINITIONS = (
					"DEBUG=1",
					"$(inherited)",
				);
				GCC_WARN_64_TO_32_BIT_CONVERSION = YES;
				GCC_WARN_ABOUT_RETURN_TYPE = YES_ERROR;
				GCC_WARN_UNDECLARED_SELECTOR = YES;
				GCC_WARN_UNINITIALIZED_AUTOS = YES_AGGRESSIVE;
				GCC_WARN_UNUSED_FUNCTION = YES;
				GCC_WARN_UNUSED_VARIABLE = YES;
				IPHONEOS_DEPLOYMENT_TARGET = 9.2;
				MTL_ENABLE_DEBUG_INFO = YES;
				ONLY_ACTIVE_ARCH = YES;
				SDKROOT = iphoneos;
				SWIFT_OPTIMIZATION_LEVEL = "-Onone";
			};
			name = Debug;
		};
		B84E38431CDE036400252EFE /* Release */ = {
			isa = XCBuildConfiguration;
			buildSettings = {
				ALWAYS_SEARCH_USER_PATHS = NO;
				CLANG_CXX_LANGUAGE_STANDARD = "gnu++0x";
				CLANG_CXX_LIBRARY = "libc++";
				CLANG_ENABLE_MODULES = YES;
				CLANG_ENABLE_OBJC_ARC = YES;
				CLANG_WARN_BOOL_CONVERSION = YES;
				CLANG_WARN_CONSTANT_CONVERSION = YES;
				CLANG_WARN_DIRECT_OBJC_ISA_USAGE = YES_ERROR;
				CLANG_WARN_EMPTY_BODY = YES;
				CLANG_WARN_ENUM_CONVERSION = YES;
				CLANG_WARN_INT_CONVERSION = YES;
				CLANG_WARN_OBJC_ROOT_CLASS = YES_ERROR;
				CLANG_WARN_UNREACHABLE_CODE = YES;
				CLANG_WARN__DUPLICATE_METHOD_MATCH = YES;
				"CODE_SIGN_IDENTITY[sdk=iphoneos*]" = "iPhone Developer";
				COPY_PHASE_STRIP = NO;
				DEBUG_INFORMATION_FORMAT = "dwarf-with-dsym";
				ENABLE_NS_ASSERTIONS = NO;
				ENABLE_STRICT_OBJC_MSGSEND = YES;
				GCC_C_LANGUAGE_STANDARD = gnu99;
				GCC_NO_COMMON_BLOCKS = YES;
				GCC_WARN_64_TO_32_BIT_CONVERSION = YES;
				GCC_WARN_ABOUT_RETURN_TYPE = YES_ERROR;
				GCC_WARN_UNDECLARED_SELECTOR = YES;
				GCC_WARN_UNINITIALIZED_AUTOS = YES_AGGRESSIVE;
				GCC_WARN_UNUSED_FUNCTION = YES;
				GCC_WARN_UNUSED_VARIABLE = YES;
				IPHONEOS_DEPLOYMENT_TARGET = 9.2;
				MTL_ENABLE_DEBUG_INFO = NO;
				SDKROOT = iphoneos;
				VALIDATE_PRODUCT = YES;
			};
			name = Release;
		};
		B84E38451CDE036400252EFE /* Debug */ = {
			isa = XCBuildConfiguration;
			buildSettings = {
				ASSETCATALOG_COMPILER_APPICON_NAME = AppIcon;
				INFOPLIST_FILE = tableView/Info.plist;
				LD_RUNPATH_SEARCH_PATHS = "$(inherited) @executable_path/Frameworks";
				PRODUCT_BUNDLE_IDENTIFIER = geeyarApps.tableView;
				PRODUCT_NAME = "$(TARGET_NAME)";
			};
			name = Debug;
		};
		B84E38461CDE036400252EFE /* Release */ = {
			isa = XCBuildConfiguration;
			buildSettings = {
				ASSETCATALOG_COMPILER_APPICON_NAME = AppIcon;
				INFOPLIST_FILE = tableView/Info.plist;
				LD_RUNPATH_SEARCH_PATHS = "$(inherited) @executable_path/Frameworks";
				PRODUCT_BUNDLE_IDENTIFIER = geeyarApps.tableView;
				PRODUCT_NAME = "$(TARGET_NAME)";
			};
			name = Release;
		};
/* End XCBuildConfiguration section */

/* Begin XCConfigurationList section */
		B84E382D1CDE036400252EFE /* Build configuration list for PBXProject "tableView" */ = {
			isa = XCConfigurationList;
			buildConfigurations = (
				B84E38421CDE036400252EFE /* Debug */,
				B84E38431CDE036400252EFE /* Release */,
			);
			defaultConfigurationIsVisible = 0;
			defaultConfigurationName = Release;
		};
		B84E38441CDE036400252EFE /* Build configuration list for PBXNativeTarget "tableView" */ = {
			isa = XCConfigurationList;
			buildConfigurations = (
				B84E38451CDE036400252EFE /* Debug */,
				B84E38461CDE036400252EFE /* Release */,
			);
			defaultConfigurationIsVisible = 0;
			defaultConfigurationName = Release;
		};
/* End XCConfigurationList section */
	};
	rootObject = B84E382A1CDE036400252EFE /* Project object */;
}
